<?xml version="1.0" encoding="utf-8"?>
<Project ToolsVersion="4.0" xmlns="http://schemas.microsoft.com/developer/msbuild/2003">
  <ItemGroup>
    <Filter Include="Component">
      <UniqueIdentifier>{04acc11f-704d-48af-abe9-5b1c5486590e}</UniqueIdentifier>
    </Filter>
    <Filter Include="Entity">
      <UniqueIdentifier>{8520ddb7-b726-463c-b667-1512c0cb9f87}</UniqueIdentifier>
    </Filter>
    <Filter Include="State">
      <UniqueIdentifier>{b3b8a8fd-a82e-4f7e-b110-fbfec82198e1}</UniqueIdentifier>
    </Filter>
    <Filter Include="Source">
      <UniqueIdentifier>{4FC737F1-C7A5-4376-A066-2A32D752A2FF}</UniqueIdentifier>
      <Extensions>cpp;c;cc;cxx;def;odl;idl;hpj;bat;asm;asmx</Extensions>
    </Filter>
    <Filter Include="Tile">
      <UniqueIdentifier>{b5ae832a-163c-4107-92da-32044e150fda}</UniqueIdentifier>
    </Filter>
    <Filter Include="GUI">
      <UniqueIdentifier>{eb94bc39-cf29-4754-a1f1-50b07e0d0edd}</UniqueIdentifier>
    </Filter>
    <Filter Include="State\Stage">
      <UniqueIdentifier>{591f0761-0809-40a8-a235-92cd16c966b6}</UniqueIdentifier>
    </Filter>
  </ItemGroup>
  <ItemGroup>
    <ClCompile Include="src\Game.cpp">
      <Filter>Source</Filter>
    </ClCompile>
    <ClCompile Include="src\Entity.cpp">
      <Filter>Entity</Filter>
    </ClCompile>
    <ClCompile Include="src\GameState.cpp">
      <Filter>State</Filter>
    </ClCompile>
    <ClCompile Include="src\MainMenuState.cpp">
      <Filter>State</Filter>
    </ClCompile>
    <ClCompile Include="src\State.cpp">
      <Filter>State</Filter>
    </ClCompile>
    <ClCompile Include="src\Player.cpp">
      <Filter>Entity</Filter>
    </ClCompile>
    <ClCompile Include="src\MovementComponent.cpp">
      <Filter>Component</Filter>
    </ClCompile>
    <ClCompile Include="src\AnimationComponent.cpp">
      <Filter>Component</Filter>
    </ClCompile>
    <ClCompile Include="src\HitboxComponent.cpp">
      <Filter>Component</Filter>
    </ClCompile>
    <ClCompile Include="src\main.cpp">
      <Filter>Source</Filter>
    </ClCompile>
    <ClCompile Include="src\Tile.cpp">
      <Filter>Tile</Filter>
    </ClCompile>
    <ClCompile Include="src\Gui.cpp">
      <Filter>GUI</Filter>
    </ClCompile>
    <ClCompile Include="src\Enemy.cpp">
      <Filter>Entity</Filter>
    </ClCompile>
    <ClCompile Include="src\GetInfoState.cpp">
      <Filter>State</Filter>
    </ClCompile>
    <ClCompile Include="src\ScoreState.cpp">
      <Filter>State</Filter>
    </ClCompile>
    <ClCompile Include="src\PopUpMenu.cpp">
      <Filter>GUI</Filter>
    </ClCompile>
    <ClCompile Include="src\Stage.cpp">
      <Filter>State\Stage</Filter>
    </ClCompile>
    <ClCompile Include="src\SoundComponent.cpp">
      <Filter>Component</Filter>
    </ClCompile>
  </ItemGroup>
  <ItemGroup>
    <ClInclude Include="src\Game.h">
      <Filter>Source</Filter>
    </ClInclude>
    <ClInclude Include="src\Entity.h">
      <Filter>Entity</Filter>
    </ClInclude>
    <ClInclude Include="src\GameState.h">
      <Filter>State</Filter>
    </ClInclude>
    <ClInclude Include="src\MainMenuState.h">
      <Filter>State</Filter>
    </ClInclude>
    <ClInclude Include="src\State.h">
      <Filter>State</Filter>
    </ClInclude>
    <ClInclude Include="src\Player.h">
      <Filter>Entity</Filter>
    </ClInclude>
    <ClInclude Include="src\MovementComponent.h">
      <Filter>Component</Filter>
    </ClInclude>
    <ClInclude Include="src\AnimationComponent.h">
      <Filter>Component</Filter>
    </ClInclude>
    <ClInclude Include="src\HitboxComponent.h">
      <Filter>Component</Filter>
    </ClInclude>
    <ClInclude Include="src\Tile.h">
      <Filter>Tile</Filter>
    </ClInclude>
    <ClInclude Include="src\Gui.h">
      <Filter>GUI</Filter>
    </ClInclude>
    <ClInclude Include="src\Enemy.h">
      <Filter>Entity</Filter>
    </ClInclude>
    <ClInclude Include="src\GetInfoState.h">
      <Filter>State</Filter>
    </ClInclude>
    <ClInclude Include="src\ScoreState.h">
      <Filter>State</Filter>
    </ClInclude>
    <ClInclude Include="src\PopUpMenu.h">
      <Filter>GUI</Filter>
    </ClInclude>
    <ClInclude Include="src\Stage.h">
      <Filter>State\Stage</Filter>
    </ClInclude>
    <ClInclude Include="src\SoundComponent.h">
      <Filter>Component</Filter>
    </ClInclude>
  </ItemGroup>
</Project>